
Microsoft Visual Studio Solution File, Format Version 12.00
# Visual Studio Version 16
VisualStudioVersion = 16.0.31702.278
MinimumVisualStudioVersion = 10.0.40219.1
Project("{FAE04EC0-301F-11D3-BF4B-00C04F79EFBC}") = "batch-clf-converter", "batch-clf-converter\batch-clf-converter.csproj", "{0163D97D-DCBB-4A6A-A71F-42AD01957866}"
EndProject
Global
	GlobalSection(SolutionConfigurationPlatforms) = preSolution
		Debug|Any CPU = Debug|Any CPU
		Release|Any CPU = Release|Any CPU
	EndGlobalSection
	GlobalSection(ProjectConfigurationPlatforms) = postSolution
		{0163D97D-DCBB-4A6A-A71F-42AD01957866}.Debug|Any CPU.ActiveCfg = Debug|Any CPU
		{0163D97D-DCBB-4A6A-A71F-42AD01957866}.Debug|Any CPU.Build.0 = Debug|Any CPU
		{0163D97D-DCBB-4A6A-A71F-42AD01957866}.Release|Any CPU.ActiveCfg = Release|Any CPU
		{0163D97D-DCBB-4A6A-A71F-42AD01957866}.Release|Any CPU.Build.0 = Release|Any CPU
	EndGlobalSection
	GlobalSection(SolutionProperties) = preSolution
		HideSolutionNode = FALSE
	EndGlobalSection
	GlobalSection(ExtensibilityGlobals) = postSolution
		SolutionGuid = {DC98C08E-1BAC-4A20-9A0F-E69F0D5698DA}
	EndGlobalSection
EndGlobal
